
Microsoft Visual Studio Solution File, Format Version 12.00
# Visual Studio Version 17
VisualStudioVersion = 17.5.002.0
MinimumVisualStudioVersion = 10.0.40219.1
Project("{9A19103F-16F7-4668-BE54-9A1E7A4F7556}") = "Database Trial", "Database Trial.csproj", "{3679ACE3-191A-4084-9E85-B3E5EA1664A0}"
EndProject
Global
	GlobalSection(SolutionConfigurationPlatforms) = preSolution
		Debug|Any CPU = Debug|Any CPU
		Release|Any CPU = Release|Any CPU
	EndGlobalSection
	GlobalSection(ProjectConfigurationPlatforms) = postSolution
		{3679ACE3-191A-4084-9E85-B3E5EA1664A0}.Debug|Any CPU.ActiveCfg = Debug|Any CPU
		{3679ACE3-191A-4084-9E85-B3E5EA1664A0}.Debug|Any CPU.Build.0 = Debug|Any CPU
		{3679ACE3-191A-4084-9E85-B3E5EA1664A0}.Release|Any CPU.ActiveCfg = Release|Any CPU
		{3679ACE3-191A-4084-9E85-B3E5EA1664A0}.Release|Any CPU.Build.0 = Release|Any CPU
	EndGlobalSection
	GlobalSection(SolutionProperties) = preSolution
		HideSolutionNode = FALSE
	EndGlobalSection
	GlobalSection(ExtensibilityGlobals) = postSolution
		SolutionGuid = {12EF8C40-BF05-4AE4-95FD-E1FFE7E79C48}
	EndGlobalSection
EndGlobal
